// !$*UTF8*$!
{
	archiveVersion = 1;
	classes = {
	};
	objectVersion = 77;
	objects = {

/* Begin PBXBuildFile section */
		070CB5E42F2D7A81002C7CAD /* AppDelegate.swift in Sources */ = {isa = PBXBuildFile; fileRef = 070CB5E32F2D7A81002C7CAD /* AppDelegate.swift */; };
		070CB5E82F2D7A81002C7CAD /* Main.html in Resources */ = {isa = PBXBuildFile; fileRef = 070CB5E62F2D7A81002C7CAD /* Main.html */; };
		070CB5EA2F2D7A81002C7CAD /* Icon.png in Resources */ = {isa = PBXBuildFile; fileRef = 070CB5E92F2D7A81002C7CAD /* Icon.png */; };
		070CB5EC2F2D7A81002C7CAD /* Style.css in Resources */ = {isa = PBXBuildFile; fileRef = 070CB5EB2F2D7A81002C7CAD /* Style.css */; };
		070CB5EE2F2D7A81002C7CAD /* Script.js in Resources */ = {isa = PBXBuildFile; fileRef = 070CB5ED2F2D7A81002C7CAD /* Script.js */; };
		070CB5F02F2D7A81002C7CAD /* ViewController.swift in Sources */ = {isa = PBXBuildFile; fileRef = 070CB5EF2F2D7A81002C7CAD /* ViewController.swift */; };
		070CB5F32F2D7A81002C7CAD /* Main.storyboard in Resources */ = {isa = PBXBuildFile; fileRef = 070CB5F12F2D7A81002C7CAD /* Main.storyboard */; };
		070CB5F52F2D7A82002C7CAD /* Assets.xcassets in Resources */ = {isa = PBXBuildFile; fileRef = 070CB5F42F2D7A82002C7CAD /* Assets.xcassets */; };
		070CB5FC2F2D7A82002C7CAD /* Harbor Extension.appex in Embed Foundation Extensions */ = {isa = PBXBuildFile; fileRef = 070CB5FB2F2D7A82002C7CAD /* Harbor Extension.appex */; settings = {ATTRIBUTES = (RemoveHeadersOnCopy, ); }; };
		070CB6012F2D7A82002C7CAD /* SafariWebExtensionHandler.swift in Sources */ = {isa = PBXBuildFile; fileRef = 070CB6002F2D7A82002C7CAD /* SafariWebExtensionHandler.swift */; };
		070CB6242F2D7A82002C7CAD /* demo in Resources */ = {isa = PBXBuildFile; fileRef = 070CB60D2F2D7A82002C7CAD /* demo */; };
		070CB6252F2D7A82002C7CAD /* permission-prompt.html in Resources */ = {isa = PBXBuildFile; fileRef = 070CB60F2F2D7A82002C7CAD /* permission-prompt.html */; };
		070CB6262F2D7A82002C7CAD /* background.js in Resources */ = {isa = PBXBuildFile; fileRef = 070CB6122F2D7A82002C7CAD /* background.js */; };
		070CB6272F2D7A82002C7CAD /* js-runtime in Resources */ = {isa = PBXBuildFile; fileRef = 070CB6132F2D7A82002C7CAD /* js-runtime */; };
		070CB6282F2D7A82002C7CAD /* page-chat.js in Resources */ = {isa = PBXBuildFile; fileRef = 070CB6142F2D7A82002C7CAD /* page-chat.js */; };
		070CB6292F2D7A82002C7CAD /* directory.html in Resources */ = {isa = PBXBuildFile; fileRef = 070CB6162F2D7A82002C7CAD /* directory.html */; };
		070CB62A2F2D7A82002C7CAD /* sidebar.js in Resources */ = {isa = PBXBuildFile; fileRef = 070CB6172F2D7A82002C7CAD /* sidebar.js */; };
		070CB62B2F2D7A82002C7CAD /* discovery.js in Resources */ = {isa = PBXBuildFile; fileRef = 070CB6182F2D7A82002C7CAD /* discovery.js */; };
		070CB62C2F2D7A82002C7CAD /* bundled in Resources */ = {isa = PBXBuildFile; fileRef = 070CB6192F2D7A82002C7CAD /* bundled */; };
		070CB62D2F2D7A82002C7CAD /* discovery-injected.js in Resources */ = {isa = PBXBuildFile; fileRef = 070CB61A2F2D7A82002C7CAD /* discovery-injected.js */; };
		070CB62E2F2D7A82002C7CAD /* demo-bootstrap.js in Resources */ = {isa = PBXBuildFile; fileRef = 070CB61B2F2D7A82002C7CAD /* demo-bootstrap.js */; };
		070CB62F2F2D7A82002C7CAD /* directory.js in Resources */ = {isa = PBXBuildFile; fileRef = 070CB61E2F2D7A82002C7CAD /* directory.js */; };
		070CB6302F2D7A82002C7CAD /* design-tokens.css in Resources */ = {isa = PBXBuildFile; fileRef = 070CB61F2F2D7A82002C7CAD /* design-tokens.css */; };
		070CB6312F2D7A82002C7CAD /* manifest.json in Resources */ = {isa = PBXBuildFile; fileRef = 070CB6202F2D7A82002C7CAD /* manifest.json */; };
		070CB6322F2D7A82002C7CAD /* sidebar.html in Resources */ = {isa = PBXBuildFile; fileRef = 070CB6222F2D7A82002C7CAD /* sidebar.html */; };
		070CB6332F2D7A82002C7CAD /* assets in Resources */ = {isa = PBXBuildFile; fileRef = 070CB6232F2D7A82002C7CAD /* assets */; };
/* End PBXBuildFile section */

/* Begin PBXContainerItemProxy section */
		070CB5FD2F2D7A82002C7CAD /* PBXContainerItemProxy */ = {
			isa = PBXContainerItemProxy;
			containerPortal = 070CB5D82F2D7A81002C7CAD /* Project object */;
			proxyType = 1;
			remoteGlobalIDString = 070CB5FA2F2D7A82002C7CAD;
			remoteInfo = "Harbor Extension";
		};
/* End PBXContainerItemProxy section */

/* Begin PBXCopyFilesBuildPhase section */
		070CB6082F2D7A82002C7CAD /* Embed Foundation Extensions */ = {
			isa = PBXCopyFilesBuildPhase;
			buildActionMask = 2147483647;
			dstPath = "";
			dstSubfolderSpec = 13;
			files = (
				070CB5FC2F2D7A82002C7CAD /* Harbor Extension.appex in Embed Foundation Extensions */,
			);
			name = "Embed Foundation Extensions";
			runOnlyForDeploymentPostprocessing = 0;
		};
/* End PBXCopyFilesBuildPhase section */

/* Begin PBXFileReference section */
		070CB5E02F2D7A81002C7CAD /* Harbor.app */ = {isa = PBXFileReference; explicitFileType = wrapper.application; includeInIndex = 0; path = Harbor.app; sourceTree = BUILT_PRODUCTS_DIR; };
		070CB5E32F2D7A81002C7CAD /* AppDelegate.swift */ = {isa = PBXFileReference; lastKnownFileType = sourcecode.swift; path = AppDelegate.swift; sourceTree = "<group>"; };
		070CB5E72F2D7A81002C7CAD /* Base */ = {isa = PBXFileReference; lastKnownFileType = text.html; name = Base; path = Base.lproj/Main.html; sourceTree = "<group>"; };
		070CB5E92F2D7A81002C7CAD /* Icon.png */ = {isa = PBXFileReference; lastKnownFileType = image.png; path = Icon.png; sourceTree = "<group>"; };
		070CB5EB2F2D7A81002C7CAD /* Style.css */ = {isa = PBXFileReference; lastKnownFileType = text.css; path = Style.css; sourceTree = "<group>"; };
		070CB5ED2F2D7A81002C7CAD /* Script.js */ = {isa = PBXFileReference; lastKnownFileType = sourcecode.javascript; path = Script.js; sourceTree = "<group>"; };
		070CB5EF2F2D7A81002C7CAD /* ViewController.swift */ = {isa = PBXFileReference; lastKnownFileType = sourcecode.swift; path = ViewController.swift; sourceTree = "<group>"; };
		070CB5F22F2D7A81002C7CAD /* Base */ = {isa = PBXFileReference; lastKnownFileType = file.storyboard; name = Base; path = Base.lproj/Main.storyboard; sourceTree = "<group>"; };
		070CB5F42F2D7A82002C7CAD /* Assets.xcassets */ = {isa = PBXFileReference; lastKnownFileType = folder.assetcatalog; path = Assets.xcassets; sourceTree = "<group>"; };
		070CB5F62F2D7A82002C7CAD /* Info.plist */ = {isa = PBXFileReference; lastKnownFileType = text.plist.xml; path = Info.plist; sourceTree = "<group>"; };
		070CB5FB2F2D7A82002C7CAD /* Harbor Extension.appex */ = {isa = PBXFileReference; explicitFileType = "wrapper.app-extension"; includeInIndex = 0; path = "Harbor Extension.appex"; sourceTree = BUILT_PRODUCTS_DIR; };
		070CB6002F2D7A82002C7CAD /* SafariWebExtensionHandler.swift */ = {isa = PBXFileReference; lastKnownFileType = sourcecode.swift; path = SafariWebExtensionHandler.swift; sourceTree = "<group>"; };
		070CB6022F2D7A82002C7CAD /* Info.plist */ = {isa = PBXFileReference; lastKnownFileType = text.plist.xml; path = Info.plist; sourceTree = "<group>"; };
		070CB60D2F2D7A82002C7CAD /* demo */ = {isa = PBXFileReference; lastKnownFileType = folder; name = demo; path = Resources/demo; sourceTree = "<group>"; };
		070CB60E2F2D7A82002C7CAD /* page-chat.js.map */ = {isa = PBXFileReference; lastKnownFileType = "sourcecode.module-map"; name = "page-chat.js.map"; path = "Resources/page-chat.js.map"; sourceTree = "<group>"; };
		070CB60F2F2D7A82002C7CAD /* permission-prompt.html */ = {isa = PBXFileReference; lastKnownFileType = text.html; name = "permission-prompt.html"; path = "Resources/permission-prompt.html"; sourceTree = "<group>"; };
		070CB6102F2D7A82002C7CAD /* sidebar.js.map */ = {isa = PBXFileReference; lastKnownFileType = "sourcecode.module-map"; name = sidebar.js.map; path = Resources/sidebar.js.map; sourceTree = "<group>"; };
		070CB6112F2D7A82002C7CAD /* directory.js.map */ = {isa = PBXFileReference; lastKnownFileType = "sourcecode.module-map"; name = directory.js.map; path = Resources/directory.js.map; sourceTree = "<group>"; };
		070CB6122F2D7A82002C7CAD /* background.js */ = {isa = PBXFileReference; lastKnownFileType = sourcecode.javascript; name = background.js; path = Resources/background.js; sourceTree = "<group>"; };
		070CB6132F2D7A82002C7CAD /* js-runtime */ = {isa = PBXFileReference; lastKnownFileType = folder; name = "js-runtime"; path = "Resources/js-runtime"; sourceTree = "<group>"; };
		070CB6142F2D7A82002C7CAD /* page-chat.js */ = {isa = PBXFileReference; lastKnownFileType = sourcecode.javascript; name = "page-chat.js"; path = "Resources/page-chat.js"; sourceTree = "<group>"; };
		070CB6152F2D7A82002C7CAD /* discovery.js.map */ = {isa = PBXFileReference; lastKnownFileType = "sourcecode.module-map"; name = discovery.js.map; path = Resources/discovery.js.map; sourceTree = "<group>"; };
		070CB6162F2D7A82002C7CAD /* directory.html */ = {isa = PBXFileReference; lastKnownFileType = text.html; name = directory.html; path = Resources/directory.html; sourceTree = "<group>"; };
		070CB6172F2D7A82002C7CAD /* sidebar.js */ = {isa = PBXFileReference; lastKnownFileType = sourcecode.javascript; name = sidebar.js; path = Resources/sidebar.js; sourceTree = "<group>"; };
		070CB6182F2D7A82002C7CAD /* discovery.js */ = {isa = PBXFileReference; lastKnownFileType = sourcecode.javascript; name = discovery.js; path = Resources/discovery.js; sourceTree = "<group>"; };
		070CB6192F2D7A82002C7CAD /* bundled */ = {isa = PBXFileReference; lastKnownFileType = folder; name = bundled; path = Resources/bundled; sourceTree = "<group>"; };
		070CB61A2F2D7A82002C7CAD /* discovery-injected.js */ = {isa = PBXFileReference; lastKnownFileType = sourcecode.javascript; name = "discovery-injected.js"; path = "Resources/discovery-injected.js"; sourceTree = "<group>"; };
		070CB61B2F2D7A82002C7CAD /* demo-bootstrap.js */ = {isa = PBXFileReference; lastKnownFileType = sourcecode.javascript; name = "demo-bootstrap.js"; path = "Resources/demo-bootstrap.js"; sourceTree = "<group>"; };
		070CB61C2F2D7A82002C7CAD /* discovery-injected.js.map */ = {isa = PBXFileReference; lastKnownFileType = "sourcecode.module-map"; name = "discovery-injected.js.map"; path = "Resources/discovery-injected.js.map"; sourceTree = "<group>"; };
		070CB61D2F2D7A82002C7CAD /* demo-bootstrap.js.map */ = {isa = PBXFileReference; lastKnownFileType = "sourcecode.module-map"; name = "demo-bootstrap.js.map"; path = "Resources/demo-bootstrap.js.map"; sourceTree = "<group>"; };
		070CB61E2F2D7A82002C7CAD /* directory.js */ = {isa = PBXFileReference; lastKnownFileType = sourcecode.javascript; name = directory.js; path = Resources/directory.js; sourceTree = "<group>"; };
		070CB61F2F2D7A82002C7CAD /* design-tokens.css */ = {isa = PBXFileReference; lastKnownFileType = text.css; name = "design-tokens.css"; path = "Resources/design-tokens.css"; sourceTree = "<group>"; };
		070CB6202F2D7A82002C7CAD /* manifest.json */ = {isa = PBXFileReference; lastKnownFileType = text.json; name = manifest.json; path = Resources/manifest.json; sourceTree = "<group>"; };
		070CB6212F2D7A82002C7CAD /* background.js.map */ = {isa = PBXFileReference; lastKnownFileType = "sourcecode.module-map"; name = background.js.map; path = Resources/background.js.map; sourceTree = "<group>"; };
		070CB6222F2D7A82002C7CAD /* sidebar.html */ = {isa = PBXFileReference; lastKnownFileType = text.html; name = sidebar.html; path = Resources/sidebar.html; sourceTree = "<group>"; };
		070CB6232F2D7A82002C7CAD /* assets */ = {isa = PBXFileReference; lastKnownFileType = folder; name = assets; path = Resources/assets; sourceTree = "<group>"; };
/* End PBXFileReference section */

/* Begin PBXFrameworksBuildPhase section */
		070CB5DD2F2D7A81002C7CAD /* Frameworks */ = {
			isa = PBXFrameworksBuildPhase;
			buildActionMask = 2147483647;
			files = (
			);
			runOnlyForDeploymentPostprocessing = 0;
		};
		070CB5F82F2D7A82002C7CAD /* Frameworks */ = {
			isa = PBXFrameworksBuildPhase;
			buildActionMask = 2147483647;
			files = (
			);
			runOnlyForDeploymentPostprocessing = 0;
		};
/* End PBXFrameworksBuildPhase section */

/* Begin PBXGroup section */
		070CB5D72F2D7A81002C7CAD = {
			isa = PBXGroup;
			children = (
				070CB5E22F2D7A81002C7CAD /* Harbor */,
				070CB5FF2F2D7A82002C7CAD /* Harbor Extension */,
				070CB5E12F2D7A81002C7CAD /* Products */,
			);
			sourceTree = "<group>";
		};
		070CB5E12F2D7A81002C7CAD /* Products */ = {
			isa = PBXGroup;
			children = (
				070CB5E02F2D7A81002C7CAD /* Harbor.app */,
				070CB5FB2F2D7A82002C7CAD /* Harbor Extension.appex */,
			);
			name = Products;
			sourceTree = "<group>";
		};
		070CB5E22F2D7A81002C7CAD /* Harbor */ = {
			isa = PBXGroup;
			children = (
				070CB5E32F2D7A81002C7CAD /* AppDelegate.swift */,
				070CB5EF2F2D7A81002C7CAD /* ViewController.swift */,
				070CB5F12F2D7A81002C7CAD /* Main.storyboard */,
				070CB5F42F2D7A82002C7CAD /* Assets.xcassets */,
				070CB5F62F2D7A82002C7CAD /* Info.plist */,
				070CB5E52F2D7A81002C7CAD /* Resources */,
			);
			path = Harbor;
			sourceTree = "<group>";
		};
		070CB5E52F2D7A81002C7CAD /* Resources */ = {
			isa = PBXGroup;
			children = (
				070CB5E62F2D7A81002C7CAD /* Main.html */,
				070CB5E92F2D7A81002C7CAD /* Icon.png */,
				070CB5EB2F2D7A81002C7CAD /* Style.css */,
				070CB5ED2F2D7A81002C7CAD /* Script.js */,
			);
			path = Resources;
			sourceTree = "<group>";
		};
		070CB5FF2F2D7A82002C7CAD /* Harbor Extension */ = {
			isa = PBXGroup;
			children = (
				070CB60C2F2D7A82002C7CAD /* Resources */,
				070CB6002F2D7A82002C7CAD /* SafariWebExtensionHandler.swift */,
				070CB6022F2D7A82002C7CAD /* Info.plist */,
			);
			path = "Harbor Extension";
			sourceTree = "<group>";
		};
		070CB60C2F2D7A82002C7CAD /* Resources */ = {
			isa = PBXGroup;
			children = (
				070CB60D2F2D7A82002C7CAD /* demo */,
				070CB60E2F2D7A82002C7CAD /* page-chat.js.map */,
				070CB60F2F2D7A82002C7CAD /* permission-prompt.html */,
				070CB6102F2D7A82002C7CAD /* sidebar.js.map */,
				070CB6112F2D7A82002C7CAD /* directory.js.map */,
				070CB6122F2D7A82002C7CAD /* background.js */,
				070CB6132F2D7A82002C7CAD /* js-runtime */,
				070CB6142F2D7A82002C7CAD /* page-chat.js */,
				070CB6152F2D7A82002C7CAD /* discovery.js.map */,
				070CB6162F2D7A82002C7CAD /* directory.html */,
				070CB6172F2D7A82002C7CAD /* sidebar.js */,
				070CB6182F2D7A82002C7CAD /* discovery.js */,
				070CB6192F2D7A82002C7CAD /* bundled */,
				070CB61A2F2D7A82002C7CAD /* discovery-injected.js */,
				070CB61B2F2D7A82002C7CAD /* demo-bootstrap.js */,
				070CB61C2F2D7A82002C7CAD /* discovery-injected.js.map */,
				070CB61D2F2D7A82002C7CAD /* demo-bootstrap.js.map */,
				070CB61E2F2D7A82002C7CAD /* directory.js */,
				070CB61F2F2D7A82002C7CAD /* design-tokens.css */,
				070CB6202F2D7A82002C7CAD /* manifest.json */,
				070CB6212F2D7A82002C7CAD /* background.js.map */,
				070CB6222F2D7A82002C7CAD /* sidebar.html */,
				070CB6232F2D7A82002C7CAD /* assets */,
			);
			name = Resources;
			path = "Harbor Extension";
			sourceTree = SOURCE_ROOT;
		};
/* End PBXGroup section */

/* Begin PBXNativeTarget section */
		070CB5DF2F2D7A81002C7CAD /* Harbor */ = {
			isa = PBXNativeTarget;
			buildConfigurationList = 070CB6092F2D7A82002C7CAD /* Build configuration list for PBXNativeTarget "Harbor" */;
			buildPhases = (
				070CB5DC2F2D7A81002C7CAD /* Sources */,
				070CB5DD2F2D7A81002C7CAD /* Frameworks */,
				070CB5DE2F2D7A81002C7CAD /* Resources */,
				076416902F2D7AB900A1C387 /* ShellScript */,
				070CB6082F2D7A82002C7CAD /* Embed Foundation Extensions */,
			);
			buildRules = (
			);
			dependencies = (
				070CB5FE2F2D7A82002C7CAD /* PBXTargetDependency */,
			);
			name = Harbor;
			packageProductDependencies = (
			);
			productName = Harbor;
			productReference = 070CB5E02F2D7A81002C7CAD /* Harbor.app */;
			productType = "com.apple.product-type.application";
		};
		070CB5FA2F2D7A82002C7CAD /* Harbor Extension */ = {
			isa = PBXNativeTarget;
			buildConfigurationList = 070CB6052F2D7A82002C7CAD /* Build configuration list for PBXNativeTarget "Harbor Extension" */;
			buildPhases = (
				070CB5F72F2D7A82002C7CAD /* Sources */,
				070CB5F82F2D7A82002C7CAD /* Frameworks */,
				070CB5F92F2D7A82002C7CAD /* Resources */,
			);
			buildRules = (
			);
			dependencies = (
			);
			name = "Harbor Extension";
			packageProductDependencies = (
			);
			productName = "Harbor Extension";
			productReference = 070CB5FB2F2D7A82002C7CAD /* Harbor Extension.appex */;
			productType = "com.apple.product-type.app-extension";
		};
/* End PBXNativeTarget section */

/* Begin PBXProject section */
		070CB5D82F2D7A81002C7CAD /* Project object */ = {
			isa = PBXProject;
			attributes = {
				BuildIndependentTargetsInParallel = 1;
				LastSwiftUpdateCheck = 2620;
				LastUpgradeCheck = 2620;
				TargetAttributes = {
					070CB5DF2F2D7A81002C7CAD = {
						CreatedOnToolsVersion = 26.2;
					};
					070CB5FA2F2D7A82002C7CAD = {
						CreatedOnToolsVersion = 26.2;
					};
				};
			};
			buildConfigurationList = 070CB5DB2F2D7A81002C7CAD /* Build configuration list for PBXProject "Harbor" */;
			developmentRegion = en;
			hasScannedForEncodings = 0;
			knownRegions = (
				en,
				Base,
			);
			mainGroup = 070CB5D72F2D7A81002C7CAD;
			minimizedProjectReferenceProxies = 1;
			preferredProjectObjectVersion = 77;
			productRefGroup = 070CB5E12F2D7A81002C7CAD /* Products */;
			projectDirPath = "";
			projectRoot = "";
			targets = (
				070CB5DF2F2D7A81002C7CAD /* Harbor */,
				070CB5FA2F2D7A82002C7CAD /* Harbor Extension */,
			);
		};
/* End PBXProject section */

/* Begin PBXResourcesBuildPhase section */
		070CB5DE2F2D7A81002C7CAD /* Resources */ = {
			isa = PBXResourcesBuildPhase;
			buildActionMask = 2147483647;
			files = (
				070CB5EA2F2D7A81002C7CAD /* Icon.png in Resources */,
				070CB5F32F2D7A81002C7CAD /* Main.storyboard in Resources */,
				070CB5EE2F2D7A81002C7CAD /* Script.js in Resources */,
				070CB5E82F2D7A81002C7CAD /* Main.html in Resources */,
				070CB5F52F2D7A82002C7CAD /* Assets.xcassets in Resources */,
				070CB5EC2F2D7A81002C7CAD /* Style.css in Resources */,
			);
			runOnlyForDeploymentPostprocessing = 0;
		};
		070CB5F92F2D7A82002C7CAD /* Resources */ = {
			isa = PBXResourcesBuildPhase;
			buildActionMask = 2147483647;
			files = (
				070CB6272F2D7A82002C7CAD /* js-runtime in Resources */,
				070CB6282F2D7A82002C7CAD /* page-chat.js in Resources */,
				070CB6242F2D7A82002C7CAD /* demo in Resources */,
				070CB6262F2D7A82002C7CAD /* background.js in Resources */,
				070CB6292F2D7A82002C7CAD /* directory.html in Resources */,
				070CB6252F2D7A82002C7CAD /* permission-prompt.html in Resources */,
				070CB6322F2D7A82002C7CAD /* sidebar.html in Resources */,
				070CB62E2F2D7A82002C7CAD /* demo-bootstrap.js in Resources */,
				070CB62C2F2D7A82002C7CAD /* bundled in Resources */,
				070CB6332F2D7A82002C7CAD /* assets in Resources */,
				070CB6312F2D7A82002C7CAD /* manifest.json in Resources */,
				070CB62F2F2D7A82002C7CAD /* directory.js in Resources */,
				070CB62D2F2D7A82002C7CAD /* discovery-injected.js in Resources */,
				070CB62A2F2D7A82002C7CAD /* sidebar.js in Resources */,
				070CB6302F2D7A82002C7CAD /* design-tokens.css in Resources */,
				070CB62B2F2D7A82002C7CAD /* discovery.js in Resources */,
			);
			runOnlyForDeploymentPostprocessing = 0;
		};
/* End PBXResourcesBuildPhase section */

/* Begin PBXShellScriptBuildPhase section */
		076416902F2D7AB900A1C387 /* ShellScript */ = {
			isa = PBXShellScriptBuildPhase;
			buildActionMask = 2147483647;
			files = (
			);
			inputFileListPaths = (
			);
			inputPaths = (
			);
			outputFileListPaths = (
			);
			outputPaths = (
			);
			runOnlyForDeploymentPostprocessing = 0;
			shellPath = /bin/sh;
			shellScript = "# Type a script or drag a script file from your workspace to insert its path.\n${SRCROOT}/copy-harbor-bridge.sh\n";
		};
/* End PBXShellScriptBuildPhase section */

/* Begin PBXSourcesBuildPhase section */
		070CB5DC2F2D7A81002C7CAD /* Sources */ = {
			isa = PBXSourcesBuildPhase;
			buildActionMask = 2147483647;
			files = (
				070CB5F02F2D7A81002C7CAD /* ViewController.swift in Sources */,
				070CB5E42F2D7A81002C7CAD /* AppDelegate.swift in Sources */,
			);
			runOnlyForDeploymentPostprocessing = 0;
		};
		070CB5F72F2D7A82002C7CAD /* Sources */ = {
			isa = PBXSourcesBuildPhase;
			buildActionMask = 2147483647;
			files = (
				070CB6012F2D7A82002C7CAD /* SafariWebExtensionHandler.swift in Sources */,
			);
			runOnlyForDeploymentPostprocessing = 0;
		};
/* End PBXSourcesBuildPhase section */

/* Begin PBXTargetDependency section */
		070CB5FE2F2D7A82002C7CAD /* PBXTargetDependency */ = {
			isa = PBXTargetDependency;
			target = 070CB5FA2F2D7A82002C7CAD /* Harbor Extension */;
			targetProxy = 070CB5FD2F2D7A82002C7CAD /* PBXContainerItemProxy */;
		};
/* End PBXTargetDependency section */

/* Begin PBXVariantGroup section */
		070CB5E62F2D7A81002C7CAD /* Main.html */ = {
			isa = PBXVariantGroup;
			children = (
				070CB5E72F2D7A81002C7CAD /* Base */,
			);
			name = Main.html;
			sourceTree = "<group>";
		};
		070CB5F12F2D7A81002C7CAD /* Main.storyboard */ = {
			isa = PBXVariantGroup;
			children = (
				070CB5F22F2D7A81002C7CAD /* Base */,
			);
			name = Main.storyboard;
			sourceTree = "<group>";
		};
/* End PBXVariantGroup section */

/* Begin XCBuildConfiguration section */
		070CB6032F2D7A82002C7CAD /* Debug */ = {
			isa = XCBuildConfiguration;
			buildSettings = {
				ALWAYS_SEARCH_USER_PATHS = NO;
				ASSETCATALOG_COMPILER_GENERATE_SWIFT_ASSET_SYMBOL_EXTENSIONS = YES;
				CLANG_ANALYZER_NONNULL = YES;
				CLANG_ANALYZER_NUMBER_OBJECT_CONVERSION = YES_AGGRESSIVE;
				CLANG_CXX_LANGUAGE_STANDARD = "gnu++20";
				CLANG_ENABLE_MODULES = YES;
				CLANG_ENABLE_OBJC_ARC = YES;
				CLANG_ENABLE_OBJC_WEAK = YES;
				CLANG_WARN_BLOCK_CAPTURE_AUTORELEASING = YES;
				CLANG_WARN_BOOL_CONVERSION = YES;
				CLANG_WARN_COMMA = YES;
				CLANG_WARN_CONSTANT_CONVERSION = YES;
				CLANG_WARN_DEPRECATED_OBJC_IMPLEMENTATIONS = YES;
				CLANG_WARN_DIRECT_OBJC_ISA_USAGE = YES_ERROR;
				CLANG_WARN_DOCUMENTATION_COMMENTS = YES;
				CLANG_WARN_EMPTY_BODY = YES;
				CLANG_WARN_ENUM_CONVERSION = YES;
				CLANG_WARN_INFINITE_RECURSION = YES;
				CLANG_WARN_INT_CONVERSION = YES;
				CLANG_WARN_NON_LITERAL_NULL_CONVERSION = YES;
				CLANG_WARN_OBJC_IMPLICIT_RETAIN_SELF = YES;
				CLANG_WARN_OBJC_LITERAL_CONVERSION = YES;
				CLANG_WARN_OBJC_ROOT_CLASS = YES_ERROR;
				CLANG_WARN_QUOTED_INCLUDE_IN_FRAMEWORK_HEADER = YES;
				CLANG_WARN_RANGE_LOOP_ANALYSIS = YES;
				CLANG_WARN_STRICT_PROTOTYPES = YES;
				CLANG_WARN_SUSPICIOUS_MOVE = YES;
				CLANG_WARN_UNGUARDED_AVAILABILITY = YES_AGGRESSIVE;
				CLANG_WARN_UNREACHABLE_CODE = YES;
				CLANG_WARN__DUPLICATE_METHOD_MATCH = YES;
				COPY_PHASE_STRIP = NO;
				DEBUG_INFORMATION_FORMAT = dwarf;
				ENABLE_STRICT_OBJC_MSGSEND = YES;
				ENABLE_TESTABILITY = YES;
				ENABLE_USER_SCRIPT_SANDBOXING = NO;
				GCC_C_LANGUAGE_STANDARD = gnu17;
				GCC_DYNAMIC_NO_PIC = NO;
				GCC_NO_COMMON_BLOCKS = YES;
				GCC_OPTIMIZATION_LEVEL = 0;
				GCC_PREPROCESSOR_DEFINITIONS = (
					"DEBUG=1",
					"$(inherited)",
				);
				GCC_WARN_64_TO_32_BIT_CONVERSION = YES;
				GCC_WARN_ABOUT_RETURN_TYPE = YES_ERROR;
				GCC_WARN_UNDECLARED_SELECTOR = YES;
				GCC_WARN_UNINITIALIZED_AUTOS = YES_AGGRESSIVE;
				GCC_WARN_UNUSED_FUNCTION = YES;
				GCC_WARN_UNUSED_VARIABLE = YES;
				LOCALIZATION_PREFERS_STRING_CATALOGS = YES;
				MACOSX_DEPLOYMENT_TARGET = 13.0;
				MTL_ENABLE_DEBUG_INFO = INCLUDE_SOURCE;
				MTL_FAST_MATH = YES;
				ONLY_ACTIVE_ARCH = YES;
				SDKROOT = macosx;
				SWIFT_ACTIVE_COMPILATION_CONDITIONS = "DEBUG $(inherited)";
				SWIFT_OPTIMIZATION_LEVEL = "-Onone";
			};
			name = Debug;
		};
		070CB6042F2D7A82002C7CAD /* Release */ = {
			isa = XCBuildConfiguration;
			buildSettings = {
				ALWAYS_SEARCH_USER_PATHS = NO;
				ASSETCATALOG_COMPILER_GENERATE_SWIFT_ASSET_SYMBOL_EXTENSIONS = YES;
				CLANG_ANALYZER_NONNULL = YES;
				CLANG_ANALYZER_NUMBER_OBJECT_CONVERSION = YES_AGGRESSIVE;
				CLANG_CXX_LANGUAGE_STANDARD = "gnu++20";
				CLANG_ENABLE_MODULES = YES;
				CLANG_ENABLE_OBJC_ARC = YES;
				CLANG_ENABLE_OBJC_WEAK = YES;
				CLANG_WARN_BLOCK_CAPTURE_AUTORELEASING = YES;
				CLANG_WARN_BOOL_CONVERSION = YES;
				CLANG_WARN_COMMA = YES;
				CLANG_WARN_CONSTANT_CONVERSION = YES;
				CLANG_WARN_DEPRECATED_OBJC_IMPLEMENTATIONS = YES;
				CLANG_WARN_DIRECT_OBJC_ISA_USAGE = YES_ERROR;
				CLANG_WARN_DOCUMENTATION_COMMENTS = YES;
				CLANG_WARN_EMPTY_BODY = YES;
				CLANG_WARN_ENUM_CONVERSION = YES;
				CLANG_WARN_INFINITE_RECURSION = YES;
				CLANG_WARN_INT_CONVERSION = YES;
				CLANG_WARN_NON_LITERAL_NULL_CONVERSION = YES;
				CLANG_WARN_OBJC_IMPLICIT_RETAIN_SELF = YES;
				CLANG_WARN_OBJC_LITERAL_CONVERSION = YES;
				CLANG_WARN_OBJC_ROOT_CLASS = YES_ERROR;
				CLANG_WARN_QUOTED_INCLUDE_IN_FRAMEWORK_HEADER = YES;
				CLANG_WARN_RANGE_LOOP_ANALYSIS = YES;
				CLANG_WARN_STRICT_PROTOTYPES = YES;
				CLANG_WARN_SUSPICIOUS_MOVE = YES;
				CLANG_WARN_UNGUARDED_AVAILABILITY = YES_AGGRESSIVE;
				CLANG_WARN_UNREACHABLE_CODE = YES;
				CLANG_WARN__DUPLICATE_METHOD_MATCH = YES;
				COPY_PHASE_STRIP = NO;
				DEBUG_INFORMATION_FORMAT = "dwarf-with-dsym";
				ENABLE_NS_ASSERTIONS = NO;
				ENABLE_STRICT_OBJC_MSGSEND = YES;
				ENABLE_USER_SCRIPT_SANDBOXING = NO;
				GCC_C_LANGUAGE_STANDARD = gnu17;
				GCC_NO_COMMON_BLOCKS = YES;
				GCC_WARN_64_TO_32_BIT_CONVERSION = YES;
				GCC_WARN_ABOUT_RETURN_TYPE = YES_ERROR;
				GCC_WARN_UNDECLARED_SELECTOR = YES;
				GCC_WARN_UNINITIALIZED_AUTOS = YES_AGGRESSIVE;
				GCC_WARN_UNUSED_FUNCTION = YES;
				GCC_WARN_UNUSED_VARIABLE = YES;
				LOCALIZATION_PREFERS_STRING_CATALOGS = YES;
				MACOSX_DEPLOYMENT_TARGET = 13.0;
				MTL_ENABLE_DEBUG_INFO = NO;
				MTL_FAST_MATH = YES;
				SDKROOT = macosx;
				SWIFT_COMPILATION_MODE = wholemodule;
			};
			name = Release;
		};
		070CB6062F2D7A82002C7CAD /* Debug */ = {
			isa = XCBuildConfiguration;
			buildSettings = {
				CODE_SIGN_STYLE = Automatic;
				CURRENT_PROJECT_VERSION = 1;
				DEVELOPMENT_TEAM = ZP27QXR4R3;
				ENABLE_APP_SANDBOX = YES;
				ENABLE_HARDENED_RUNTIME = YES;
				ENABLE_USER_SELECTED_FILES = readonly;
				GENERATE_INFOPLIST_FILE = YES;
				INFOPLIST_FILE = "Harbor Extension/Info.plist";
				INFOPLIST_KEY_CFBundleDisplayName = "Harbor Extension";
				INFOPLIST_KEY_NSHumanReadableCopyright = "";
				LD_RUNPATH_SEARCH_PATHS = (
					"$(inherited)",
					"@executable_path/../Frameworks",
					"@executable_path/../../../../Frameworks",
				);
				MACOSX_DEPLOYMENT_TARGET = 13.0;
				MARKETING_VERSION = 1.0;
				OTHER_LDFLAGS = (
					"-framework",
					SafariServices,
				);
				PRODUCT_BUNDLE_IDENTIFIER = org.harbor.Extension;
				PRODUCT_NAME = "$(TARGET_NAME)";
				SKIP_INSTALL = YES;
				STRING_CATALOG_GENERATE_SYMBOLS = YES;
				SWIFT_APPROACHABLE_CONCURRENCY = YES;
				SWIFT_EMIT_LOC_STRINGS = YES;
				SWIFT_UPCOMING_FEATURE_MEMBER_IMPORT_VISIBILITY = YES;
				SWIFT_VERSION = 5.0;
			};
			name = Debug;
		};
		070CB6072F2D7A82002C7CAD /* Release */ = {
			isa = XCBuildConfiguration;
			buildSettings = {
				CODE_SIGN_STYLE = Automatic;
				CURRENT_PROJECT_VERSION = 1;
				DEVELOPMENT_TEAM = ZP27QXR4R3;
				ENABLE_APP_SANDBOX = YES;
				ENABLE_HARDENED_RUNTIME = YES;
				ENABLE_USER_SELECTED_FILES = readonly;
				GENERATE_INFOPLIST_FILE = YES;
				INFOPLIST_FILE = "Harbor Extension/Info.plist";
				INFOPLIST_KEY_CFBundleDisplayName = "Harbor Extension";
				INFOPLIST_KEY_NSHumanReadableCopyright = "";
				LD_RUNPATH_SEARCH_PATHS = (
					"$(inherited)",
					"@executable_path/../Frameworks",
					"@executable_path/../../../../Frameworks",
				);
				MACOSX_DEPLOYMENT_TARGET = 13.0;
				MARKETING_VERSION = 1.0;
				OTHER_LDFLAGS = (
					"-framework",
					SafariServices,
				);
				PRODUCT_BUNDLE_IDENTIFIER = org.harbor.Extension;
				PRODUCT_NAME = "$(TARGET_NAME)";
				SKIP_INSTALL = YES;
				STRING_CATALOG_GENERATE_SYMBOLS = YES;
				SWIFT_APPROACHABLE_CONCURRENCY = YES;
				SWIFT_EMIT_LOC_STRINGS = YES;
				SWIFT_UPCOMING_FEATURE_MEMBER_IMPORT_VISIBILITY = YES;
				SWIFT_VERSION = 5.0;
			};
			name = Release;
		};
		070CB60A2F2D7A82002C7CAD /* Debug */ = {
			isa = XCBuildConfiguration;
			buildSettings = {
				ASSETCATALOG_COMPILER_APPICON_NAME = AppIcon;
				ASSETCATALOG_COMPILER_GLOBAL_ACCENT_COLOR_NAME = AccentColor;
				CODE_SIGN_STYLE = Automatic;
				COMBINE_HIDPI_IMAGES = YES;
				CURRENT_PROJECT_VERSION = 1;
				DEVELOPMENT_TEAM = ZP27QXR4R3;
				ENABLE_APP_SANDBOX = YES;
				ENABLE_HARDENED_RUNTIME = YES;
				ENABLE_OUTGOING_NETWORK_CONNECTIONS = YES;
				ENABLE_USER_SELECTED_FILES = readonly;
				GENERATE_INFOPLIST_FILE = YES;
				INFOPLIST_FILE = Harbor/Info.plist;
				INFOPLIST_KEY_CFBundleDisplayName = Harbor;
				INFOPLIST_KEY_NSHumanReadableCopyright = "";
				INFOPLIST_KEY_NSMainStoryboardFile = Main;
				INFOPLIST_KEY_NSPrincipalClass = NSApplication;
				LD_RUNPATH_SEARCH_PATHS = (
					"$(inherited)",
					"@executable_path/../Frameworks",
				);
				MARKETING_VERSION = 1.0;
				OTHER_LDFLAGS = (
					"-framework",
					SafariServices,
					"-framework",
					WebKit,
				);
				PRODUCT_BUNDLE_IDENTIFIER = org.harbor;
				PRODUCT_NAME = "$(TARGET_NAME)";
				REGISTER_APP_GROUPS = YES;
				STRING_CATALOG_GENERATE_SYMBOLS = YES;
				SWIFT_APPROACHABLE_CONCURRENCY = YES;
				SWIFT_DEFAULT_ACTOR_ISOLATION = MainActor;
				SWIFT_EMIT_LOC_STRINGS = YES;
				SWIFT_UPCOMING_FEATURE_MEMBER_IMPORT_VISIBILITY = YES;
				SWIFT_VERSION = 5.0;
			};
			name = Debug;
		};
		070CB60B2F2D7A82002C7CAD /* Release */ = {
			isa = XCBuildConfiguration;
			buildSettings = {
				ASSETCATALOG_COMPILER_APPICON_NAME = AppIcon;
				ASSETCATALOG_COMPILER_GLOBAL_ACCENT_COLOR_NAME = AccentColor;
				CODE_SIGN_STYLE = Automatic;
				COMBINE_HIDPI_IMAGES = YES;
				CURRENT_PROJECT_VERSION = 1;
				DEVELOPMENT_TEAM = ZP27QXR4R3;
				ENABLE_APP_SANDBOX = YES;
				ENABLE_HARDENED_RUNTIME = YES;
				ENABLE_OUTGOING_NETWORK_CONNECTIONS = YES;
				ENABLE_USER_SELECTED_FILES = readonly;
				GENERATE_INFOPLIST_FILE = YES;
				INFOPLIST_FILE = Harbor/Info.plist;
				INFOPLIST_KEY_CFBundleDisplayName = Harbor;
				INFOPLIST_KEY_NSHumanReadableCopyright = "";
				INFOPLIST_KEY_NSMainStoryboardFile = Main;
				INFOPLIST_KEY_NSPrincipalClass = NSApplication;
				LD_RUNPATH_SEARCH_PATHS = (
					"$(inherited)",
					"@executable_path/../Frameworks",
				);
				MARKETING_VERSION = 1.0;
				OTHER_LDFLAGS = (
					"-framework",
					SafariServices,
					"-framework",
					WebKit,
				);
				PRODUCT_BUNDLE_IDENTIFIER = org.harbor;
				PRODUCT_NAME = "$(TARGET_NAME)";
				REGISTER_APP_GROUPS = YES;
				STRING_CATALOG_GENERATE_SYMBOLS = YES;
				SWIFT_APPROACHABLE_CONCURRENCY = YES;
				SWIFT_DEFAULT_ACTOR_ISOLATION = MainActor;
				SWIFT_EMIT_LOC_STRINGS = YES;
				SWIFT_UPCOMING_FEATURE_MEMBER_IMPORT_VISIBILITY = YES;
				SWIFT_VERSION = 5.0;
			};
			name = Release;
		};
/* End XCBuildConfiguration section */

/* Begin XCConfigurationList section */
		070CB5DB2F2D7A81002C7CAD /* Build configuration list for PBXProject "Harbor" */ = {
			isa = XCConfigurationList;
			buildConfigurations = (
				070CB6032F2D7A82002C7CAD /* Debug */,
				070CB6042F2D7A82002C7CAD /* Release */,
			);
			defaultConfigurationIsVisible = 0;
			defaultConfigurationName = Release;
		};
		070CB6052F2D7A82002C7CAD /* Build configuration list for PBXNativeTarget "Harbor Extension" */ = {
			isa = XCConfigurationList;
			buildConfigurations = (
				070CB6062F2D7A82002C7CAD /* Debug */,
				070CB6072F2D7A82002C7CAD /* Release */,
			);
			defaultConfigurationIsVisible = 0;
			defaultConfigurationName = Release;
		};
		070CB6092F2D7A82002C7CAD /* Build configuration list for PBXNativeTarget "Harbor" */ = {
			isa = XCConfigurationList;
			buildConfigurations = (
				070CB60A2F2D7A82002C7CAD /* Debug */,
				070CB60B2F2D7A82002C7CAD /* Release */,
			);
			defaultConfigurationIsVisible = 0;
			defaultConfigurationName = Release;
		};
/* End XCConfigurationList section */
	};
	rootObject = 070CB5D82F2D7A81002C7CAD /* Project object */;
}
